
Microsoft Visual Studio Solution File, Format Version 12.00
# Visual Studio Version 16
VisualStudioVersion = 16.0.29806.167
MinimumVisualStudioVersion = 10.0.40219.1
Project("{FAE04EC0-301F-11D3-BF4B-00C04F79EFBC}") = "WebApplication7", "WebApplication7\WebApplication7.csproj", "{806A4912-307B-44C2-8CFC-2813204EA6AF}"
EndProject
Global
	GlobalSection(SolutionConfigurationPlatforms) = preSolution
		Debug|Any CPU = Debug|Any CPU
		Release|Any CPU = Release|Any CPU
	EndGlobalSection
	GlobalSection(ProjectConfigurationPlatforms) = postSolution
		{806A4912-307B-44C2-8CFC-2813204EA6AF}.Debug|Any CPU.ActiveCfg = Debug|Any CPU
		{806A4912-307B-44C2-8CFC-2813204EA6AF}.Debug|Any CPU.Build.0 = Debug|Any CPU
		{806A4912-307B-44C2-8CFC-2813204EA6AF}.Release|Any CPU.ActiveCfg = Release|Any CPU
		{806A4912-307B-44C2-8CFC-2813204EA6AF}.Release|Any CPU.Build.0 = Release|Any CPU
	EndGlobalSection
	GlobalSection(SolutionProperties) = preSolution
		HideSolutionNode = FALSE
	EndGlobalSection
	GlobalSection(ExtensibilityGlobals) = postSolution
		SolutionGuid = {D6C0CEC7-B0D8-4DE6-9300-3DC60261B2CC}
	EndGlobalSection
EndGlobal
